{
  "originHash" : "31031d7d71f7e69302c5100427cfdf995ea57db4fdb984aa2a3250bc7c468b7d",
  "pins" : [
    {
      "identity" : "ao3parser",
      "kind" : "remoteSourceControl",
      "location" : "git@github.com:redishot2/AO3Parser.git",
      "state" : {
        "branch" : "main",
        "revision" : "d57924ed176b2cc8f0db9742312c7a996169eed8"
      }
    },
    {
      "identity" : "swiftsoup",
      "kind" : "remoteSourceControl",
      "location" : "git@github.com:scinfu/SwiftSoup.git",
      "state" : {
        "revision" : "bba848db50462894e7fc0891d018dfecad4ef11e",
        "version" : "2.8.7"
      }
    }
  ],
  "version" : 3
}
